// !$*UTF8*$!
{
	archiveVersion = 1;
	classes = {
	};
	objectVersion = 46;
	objects = {
/* Begin PBXBuildFile section */
		0033F1BF180764CE0027D03E /* icon-114.png in Resources */ = {isa = PBXBuildFile; fileRef = 0033F1B9180764CE0027D03E /* icon-114.png */; };
		0033F1C0180764CE0027D03E /* icon-120.png in Resources */ = {isa = PBXBuildFile; fileRef = 0033F1BA180764CE0027D03E /* icon-120.png */; };
		0033F1C1180764CE0027D03E /* icon-29.png in Resources */ = {isa = PBXBuildFile; fileRef = 0033F1BB180764CE0027D03E /* icon-29.png */; };
		0033F1C2180764CE0027D03E /* icon-57.png in Resources */ = {isa = PBXBuildFile; fileRef = 0033F1BC180764CE0027D03E /* icon-57.png */; };
		0033F1C3180764CE0027D03E /* icon-58.png in Resources */ = {isa = PBXBuildFile; fileRef = 0033F1BD180764CE0027D03E /* icon-58.png */; };
		0033F1C4180764CE0027D03E /* icon-80.png in Resources */ = {isa = PBXBuildFile; fileRef = 0033F1BE180764CE0027D03E /* icon-80.png */; };
		0033F1C8180765050027D03E /* 640-1136.png in Resources */ = {isa = PBXBuildFile; fileRef = 0033F1C6180765050027D03E /* 640-1136.png */; };
		0033F1C9180765050027D03E /* 640-960.png in Resources */ = {isa = PBXBuildFile; fileRef = 0033F1C7180765050027D03E /* 640-960.png */; };
		004FACE317F39CFB008D17F4 /* FacebookSDK.framework in Frameworks */ = {isa = PBXBuildFile; fileRef = 004FACE217F39CFB008D17F4 /* FacebookSDK.framework */; };
		004FAD1017F39E15008D17F4 /* Social.framework in Frameworks */ = {isa = PBXBuildFile; fileRef = 004FAD0F17F39E15008D17F4 /* Social.framework */; settings = {ATTRIBUTES = (Weak, ); }; };
		004FAD1217F39E28008D17F4 /* Accounts.framework in Frameworks */ = {isa = PBXBuildFile; fileRef = 004FAD1117F39E28008D17F4 /* Accounts.framework */; };
		004FAD1417F39E31008D17F4 /* AdSupport.framework in Frameworks */ = {isa = PBXBuildFile; fileRef = 004FAD1317F39E31008D17F4 /* AdSupport.framework */; };
		004FAD1817F39E8F008D17F4 /* FacebookConnectPlugin.m in Sources */ = {isa = PBXBuildFile; fileRef = 004FAD1717F39E8F008D17F4 /* FacebookConnectPlugin.m */; };
		00D8DBCF17EDE5AF0018D3BE /* Images.xcassets in Resources */ = {isa = PBXBuildFile; fileRef = 00D8DBCE17EDE5AF0018D3BE /* Images.xcassets */; };
		00DB38C017F7157E004D9F63 /* icon-120.png in Resources */ = {isa = PBXBuildFile; fileRef = 00DB38BD17F7157E004D9F63 /* icon-120.png */; };
		00DB38C117F7157E004D9F63 /* icon-58.png in Resources */ = {isa = PBXBuildFile; fileRef = 00DB38BE17F7157E004D9F63 /* icon-58.png */; };
		00DB38C217F7157E004D9F63 /* icon-80.png in Resources */ = {isa = PBXBuildFile; fileRef = 00DB38BF17F7157E004D9F63 /* icon-80.png */; };
		00DB38C617F71832004D9F63 /* icon-29.png in Resources */ = {isa = PBXBuildFile; fileRef = 00DB38C517F71832004D9F63 /* icon-29.png */; };
		00DB38C917F71876004D9F63 /* icon-57.png in Resources */ = {isa = PBXBuildFile; fileRef = 00DB38C717F71876004D9F63 /* icon-57.png */; };
		00DB38CA17F71876004D9F63 /* icon-114.png in Resources */ = {isa = PBXBuildFile; fileRef = 00DB38C817F71876004D9F63 /* icon-114.png */; };
		1D3623260D0F684500981E51 /* AppDelegate.m in Sources */ = {isa = PBXBuildFile; fileRef = 1D3623250D0F684500981E51 /* AppDelegate.m */; };
		1D60589B0D05DD56006BFB54 /* main.m in Sources */ = {isa = PBXBuildFile; fileRef = 29B97316FDCFA39411CA2CEA /* main.m */; };
		1D60589F0D05DD5A006BFB54 /* Foundation.framework in Frameworks */ = {isa = PBXBuildFile; fileRef = 1D30AB110D05D00D00671497 /* Foundation.framework */; };
		1DF5F4E00D08C38300B7A737 /* UIKit.framework in Frameworks */ = {isa = PBXBuildFile; fileRef = 1DF5F4DF0D08C38300B7A737 /* UIKit.framework */; settings = {ATTRIBUTES = (Weak, ); }; };
		1EC616A0FA8D4A36AA7C95CA /* Security.framework in Frameworks */ = {isa = PBXBuildFile; fileRef = E5A80C66763A40E98D0620C1 /* Security.framework */; settings = {ATTRIBUTES = (Weak, ); }; };
		1F766FE113BBADB100FB74C0 /* Localizable.strings in Resources */ = {isa = PBXBuildFile; fileRef = 1F766FDC13BBADB100FB74C0 /* Localizable.strings */; };
		1F766FE213BBADB100FB74C0 /* Localizable.strings in Resources */ = {isa = PBXBuildFile; fileRef = 1F766FDF13BBADB100FB74C0 /* Localizable.strings */; };
		288765FD0DF74451002DB57D /* CoreGraphics.framework in Frameworks */ = {isa = PBXBuildFile; fileRef = 288765FC0DF74451002DB57D /* CoreGraphics.framework */; };
		301BF552109A68D80062928A /* libCordova.a in Frameworks */ = {isa = PBXBuildFile; fileRef = 301BF535109A57CC0062928A /* libCordova.a */; };
		301BF5B5109A6A2B0062928A /* AddressBook.framework in Frameworks */ = {isa = PBXBuildFile; fileRef = 301BF5B4109A6A2B0062928A /* AddressBook.framework */; };
		301BF5B7109A6A2B0062928A /* AddressBookUI.framework in Frameworks */ = {isa = PBXBuildFile; fileRef = 301BF5B6109A6A2B0062928A /* AddressBookUI.framework */; };
		301BF5B9109A6A2B0062928A /* AudioToolbox.framework in Frameworks */ = {isa = PBXBuildFile; fileRef = 301BF5B8109A6A2B0062928A /* AudioToolbox.framework */; };
		301BF5BB109A6A2B0062928A /* AVFoundation.framework in Frameworks */ = {isa = PBXBuildFile; fileRef = 301BF5BA109A6A2B0062928A /* AVFoundation.framework */; settings = {ATTRIBUTES = (Weak, ); }; };
		301BF5BD109A6A2B0062928A /* CFNetwork.framework in Frameworks */ = {isa = PBXBuildFile; fileRef = 301BF5BC109A6A2B0062928A /* CFNetwork.framework */; };
		301BF5BF109A6A2B0062928A /* CoreLocation.framework in Frameworks */ = {isa = PBXBuildFile; fileRef = 301BF5BE109A6A2B0062928A /* CoreLocation.framework */; };
		301BF5C1109A6A2B0062928A /* MediaPlayer.framework in Frameworks */ = {isa = PBXBuildFile; fileRef = 301BF5C0109A6A2B0062928A /* MediaPlayer.framework */; };
		301BF5C3109A6A2B0062928A /* QuartzCore.framework in Frameworks */ = {isa = PBXBuildFile; fileRef = 301BF5C2109A6A2B0062928A /* QuartzCore.framework */; };
		301BF5C5109A6A2B0062928A /* SystemConfiguration.framework in Frameworks */ = {isa = PBXBuildFile; fileRef = 301BF5C4109A6A2B0062928A /* SystemConfiguration.framework */; };
		302D95F114D2391D003F00A1 /* MainViewController.m in Sources */ = {isa = PBXBuildFile; fileRef = 302D95EF14D2391D003F00A1 /* MainViewController.m */; };
		302D95F214D2391D003F00A1 /* MainViewController.xib in Resources */ = {isa = PBXBuildFile; fileRef = 302D95F014D2391D003F00A1 /* MainViewController.xib */; };
		305D5FD1115AB8F900A74A75 /* MobileCoreServices.framework in Frameworks */ = {isa = PBXBuildFile; fileRef = 305D5FD0115AB8F900A74A75 /* MobileCoreServices.framework */; };
		3088BBBD154F3926009F9C59 /* Default-Landscape@2x~ipad.png in Resources */ = {isa = PBXBuildFile; fileRef = 3088BBB7154F3926009F9C59 /* Default-Landscape@2x~ipad.png */; };
		3088BBBE154F3926009F9C59 /* Default-Landscape~ipad.png in Resources */ = {isa = PBXBuildFile; fileRef = 3088BBB8154F3926009F9C59 /* Default-Landscape~ipad.png */; };
		3088BBBF154F3926009F9C59 /* Default-Portrait@2x~ipad.png in Resources */ = {isa = PBXBuildFile; fileRef = 3088BBB9154F3926009F9C59 /* Default-Portrait@2x~ipad.png */; };
		3088BBC0154F3926009F9C59 /* Default-Portrait~ipad.png in Resources */ = {isa = PBXBuildFile; fileRef = 3088BBBA154F3926009F9C59 /* Default-Portrait~ipad.png */; };
		3088BBC1154F3926009F9C59 /* Default@2x~iphone.png in Resources */ = {isa = PBXBuildFile; fileRef = 3088BBBB154F3926009F9C59 /* Default@2x~iphone.png */; };
		3088BBC2154F3926009F9C59 /* Default~iphone.png in Resources */ = {isa = PBXBuildFile; fileRef = 3088BBBC154F3926009F9C59 /* Default~iphone.png */; };
		30A0434814DC770100060A13 /* Localizable.strings in Resources */ = {isa = PBXBuildFile; fileRef = 30A0434314DC770100060A13 /* Localizable.strings */; };
		30A0434914DC770100060A13 /* Localizable.strings in Resources */ = {isa = PBXBuildFile; fileRef = 30A0434614DC770100060A13 /* Localizable.strings */; };
		30E5649213A7FCAF007403D8 /* CoreMedia.framework in Frameworks */ = {isa = PBXBuildFile; fileRef = 30E5649113A7FCAF007403D8 /* CoreMedia.framework */; settings = {ATTRIBUTES = (Weak, ); }; };
		395C712998704142AD8ABC78 /* CDVDevice.m in Sources */ = {isa = PBXBuildFile; fileRef = E50DC6612F9F4634B426C7F3 /* CDVDevice.m */; };
		3E66B304078F44F9B175F542 /* libz.dylib in Frameworks */ = {isa = PBXBuildFile; fileRef = 18262658EBC346038825BC40 /* libz.dylib */; };
		51ED83CC52B7459F962544E7 /* libUAirship-2.0.3.a in Frameworks */ = {isa = PBXBuildFile; fileRef = 41C91DEA10F248809D55CAFE /* libUAirship-2.0.3.a */; };
		525D220F994A4BAEA8E7B05E /* PushNotificationPlugin.m in Sources */ = {isa = PBXBuildFile; fileRef = 4C9402920B68434E971C5D7E /* PushNotificationPlugin.m */; };
		5AA0E66D1729F45B000DC89A /* OpenAL.framework in Frameworks */ = {isa = PBXBuildFile; fileRef = 5AA0E66C1729F45B000DC89A /* OpenAL.framework */; };
		5AA0E66F1729F460000DC89A /* ImageIO.framework in Frameworks */ = {isa = PBXBuildFile; fileRef = 5AA0E66E1729F460000DC89A /* ImageIO.framework */; };
		5B1594DD16A7569C00FEF299 /* AssetsLibrary.framework in Frameworks */ = {isa = PBXBuildFile; fileRef = 5B1594DC16A7569C00FEF299 /* AssetsLibrary.framework */; };
		90192CD382E444E6BA7AD847 /* CoreTelephony.framework in Frameworks */ = {isa = PBXBuildFile; fileRef = BAF6A460F7304B2396BA1647 /* CoreTelephony.framework */; settings = {ATTRIBUTES = (Weak, ); }; };
		AB77F3613F084749B769BBD7 /* libsqlite3.dylib in Frameworks */ = {isa = PBXBuildFile; fileRef = 6B62AC89C8EB4E35B508B32F /* libsqlite3.dylib */; };
		C8214601CF374C65B23C3D3B /* libUAirship-2.0.3.a in Sources */ = {isa = PBXBuildFile; fileRef = 17ECEB6D13BC48AAB4FABE39 /* libUAirship-2.0.3.a */; };
		D4A0D8761607E02300AEF8BB /* Default-568h@2x~iphone.png in Resources */ = {isa = PBXBuildFile; fileRef = D4A0D8751607E02300AEF8BB /* Default-568h@2x~iphone.png */; };
		F840E1F1165FE0F500CFE078 /* config.xml in Resources */ = {isa = PBXBuildFile; fileRef = F840E1F0165FE0F500CFE078 /* config.xml */; };
/* End PBXBuildFile section */

/* Begin PBXContainerItemProxy section */
		301BF534109A57CC0062928A /* PBXContainerItemProxy */ = {
			isa = PBXContainerItemProxy;
			containerPortal = 301BF52D109A57CC0062928A /* CordovaLib.xcodeproj */;
			proxyType = 2;
			remoteGlobalIDString = D2AAC07E0554694100DB518D;
			remoteInfo = CordovaLib;
		};
		301BF550109A68C00062928A /* PBXContainerItemProxy */ = {
			isa = PBXContainerItemProxy;
			containerPortal = 301BF52D109A57CC0062928A /* CordovaLib.xcodeproj */;
			proxyType = 1;
			remoteGlobalIDString = D2AAC07D0554694100DB518D;
			remoteInfo = CordovaLib;
		};
/* End PBXContainerItemProxy section */

/* Begin PBXFileReference section */
		00264AE617F84F38005DBFED /* Kush copy-Info.plist */ = {isa = PBXFileReference; lastKnownFileType = text.plist.xml; name = "Kush copy-Info.plist"; path = "/Users/kyledavis/Documents/Phonegap/platforms/ios/Kush copy-Info.plist"; sourceTree = "<absolute>"; };
		0033F1B9180764CE0027D03E /* icon-114.png */ = {isa = PBXFileReference; lastKnownFileType = image.png; path = "icon-114.png"; sourceTree = "<group>"; };
		0033F1BA180764CE0027D03E /* icon-120.png */ = {isa = PBXFileReference; lastKnownFileType = image.png; path = "icon-120.png"; sourceTree = "<group>"; };
		0033F1BB180764CE0027D03E /* icon-29.png */ = {isa = PBXFileReference; lastKnownFileType = image.png; path = "icon-29.png"; sourceTree = "<group>"; };
		0033F1BC180764CE0027D03E /* icon-57.png */ = {isa = PBXFileReference; lastKnownFileType = image.png; path = "icon-57.png"; sourceTree = "<group>"; };
		0033F1BD180764CE0027D03E /* icon-58.png */ = {isa = PBXFileReference; lastKnownFileType = image.png; path = "icon-58.png"; sourceTree = "<group>"; };
		0033F1BE180764CE0027D03E /* icon-80.png */ = {isa = PBXFileReference; lastKnownFileType = image.png; path = "icon-80.png"; sourceTree = "<group>"; };
		0033F1C6180765050027D03E /* 640-1136.png */ = {isa = PBXFileReference; lastKnownFileType = image.png; path = "640-1136.png"; sourceTree = "<group>"; };
		0033F1C7180765050027D03E /* 640-960.png */ = {isa = PBXFileReference; lastKnownFileType = image.png; path = "640-960.png"; sourceTree = "<group>"; };
		004FACE217F39CFB008D17F4 /* FacebookSDK.framework */ = {isa = PBXFileReference; lastKnownFileType = wrapper.framework; name = FacebookSDK.framework; path = ../../../FacebookSDK/FacebookSDK.framework; sourceTree = "<group>"; };
		004FACE517F39D4E008D17F4 /* Facebook.h */ = {isa = PBXFileReference; fileEncoding = 4; lastKnownFileType = sourcecode.c.h; path = Facebook.h; sourceTree = "<group>"; };
		004FACE617F39D4E008D17F4 /* FacebookSDK.h */ = {isa = PBXFileReference; fileEncoding = 4; lastKnownFileType = sourcecode.c.h; path = FacebookSDK.h; sourceTree = "<group>"; };
		004FACE717F39D4E008D17F4 /* FBAccessTokenData.h */ = {isa = PBXFileReference; fileEncoding = 4; lastKnownFileType = sourcecode.c.h; path = FBAccessTokenData.h; sourceTree = "<group>"; };
		004FACE817F39D4E008D17F4 /* FBAppCall.h */ = {isa = PBXFileReference; fileEncoding = 4; lastKnownFileType = sourcecode.c.h; path = FBAppCall.h; sourceTree = "<group>"; };
		004FACE917F39D4E008D17F4 /* FBAppEvents.h */ = {isa = PBXFileReference; fileEncoding = 4; lastKnownFileType = sourcecode.c.h; path = FBAppEvents.h; sourceTree = "<group>"; };
		004FACEA17F39D4E008D17F4 /* FBAppLinkData.h */ = {isa = PBXFileReference; fileEncoding = 4; lastKnownFileType = sourcecode.c.h; path = FBAppLinkData.h; sourceTree = "<group>"; };
		004FACEB17F39D4E008D17F4 /* FBCacheDescriptor.h */ = {isa = PBXFileReference; fileEncoding = 4; lastKnownFileType = sourcecode.c.h; path = FBCacheDescriptor.h; sourceTree = "<group>"; };
		004FACEC17F39D4E008D17F4 /* FBConnect.h */ = {isa = PBXFileReference; fileEncoding = 4; lastKnownFileType = sourcecode.c.h; path = FBConnect.h; sourceTree = "<group>"; };
		004FACED17F39D4E008D17F4 /* FBDialog.h */ = {isa = PBXFileReference; fileEncoding = 4; lastKnownFileType = sourcecode.c.h; path = FBDialog.h; sourceTree = "<group>"; };
		004FACEE17F39D4E008D17F4 /* FBDialogs.h */ = {isa = PBXFileReference; fileEncoding = 4; lastKnownFileType = sourcecode.c.h; path = FBDialogs.h; sourceTree = "<group>"; };
		004FACEF17F39D4E008D17F4 /* FBDialogsData.h */ = {isa = PBXFileReference; fileEncoding = 4; lastKnownFileType = sourcecode.c.h; path = FBDialogsData.h; sourceTree = "<group>"; };
		004FACF017F39D4E008D17F4 /* FBDialogsParams.h */ = {isa = PBXFileReference; fileEncoding = 4; lastKnownFileType = sourcecode.c.h; path = FBDialogsParams.h; sourceTree = "<group>"; };
		004FACF117F39D4E008D17F4 /* FBError.h */ = {isa = PBXFileReference; fileEncoding = 4; lastKnownFileType = sourcecode.c.h; path = FBError.h; sourceTree = "<group>"; };
		004FACF217F39D4E008D17F4 /* FBErrorUtility.h */ = {isa = PBXFileReference; fileEncoding = 4; lastKnownFileType = sourcecode.c.h; path = FBErrorUtility.h; sourceTree = "<group>"; };
		004FACF317F39D4E008D17F4 /* FBFrictionlessRecipientCache.h */ = {isa = PBXFileReference; fileEncoding = 4; lastKnownFileType = sourcecode.c.h; path = FBFrictionlessRecipientCache.h; sourceTree = "<group>"; };
		004FACF417F39D4E008D17F4 /* FBFrictionlessRequestSettings.h */ = {isa = PBXFileReference; fileEncoding = 4; lastKnownFileType = sourcecode.c.h; path = FBFrictionlessRequestSettings.h; sourceTree = "<group>"; };
		004FACF517F39D4E008D17F4 /* FBFriendPickerViewController.h */ = {isa = PBXFileReference; fileEncoding = 4; lastKnownFileType = sourcecode.c.h; path = FBFriendPickerViewController.h; sourceTree = "<group>"; };
		004FACF617F39D4E008D17F4 /* FBGraphLocation.h */ = {isa = PBXFileReference; fileEncoding = 4; lastKnownFileType = sourcecode.c.h; path = FBGraphLocation.h; sourceTree = "<group>"; };
		004FACF717F39D4E008D17F4 /* FBGraphObject.h */ = {isa = PBXFileReference; fileEncoding = 4; lastKnownFileType = sourcecode.c.h; path = FBGraphObject.h; sourceTree = "<group>"; };
		004FACF817F39D4E008D17F4 /* FBGraphPlace.h */ = {isa = PBXFileReference; fileEncoding = 4; lastKnownFileType = sourcecode.c.h; path = FBGraphPlace.h; sourceTree = "<group>"; };
		004FACF917F39D4E008D17F4 /* FBGraphUser.h */ = {isa = PBXFileReference; fileEncoding = 4; lastKnownFileType = sourcecode.c.h; path = FBGraphUser.h; sourceTree = "<group>"; };
		004FACFA17F39D4E008D17F4 /* FBInsights.h */ = {isa = PBXFileReference; fileEncoding = 4; lastKnownFileType = sourcecode.c.h; path = FBInsights.h; sourceTree = "<group>"; };
		004FACFB17F39D4E008D17F4 /* FBLoginDialog.h */ = {isa = PBXFileReference; fileEncoding = 4; lastKnownFileType = sourcecode.c.h; path = FBLoginDialog.h; sourceTree = "<group>"; };
		004FACFC17F39D4E008D17F4 /* FBLoginView.h */ = {isa = PBXFileReference; fileEncoding = 4; lastKnownFileType = sourcecode.c.h; path = FBLoginView.h; sourceTree = "<group>"; };
		004FACFD17F39D4E008D17F4 /* FBNativeDialogs.h */ = {isa = PBXFileReference; fileEncoding = 4; lastKnownFileType = sourcecode.c.h; path = FBNativeDialogs.h; sourceTree = "<group>"; };
		004FACFE17F39D4E008D17F4 /* FBOpenGraphAction.h */ = {isa = PBXFileReference; fileEncoding = 4; lastKnownFileType = sourcecode.c.h; path = FBOpenGraphAction.h; sourceTree = "<group>"; };
		004FACFF17F39D4E008D17F4 /* FBOpenGraphActionShareDialogParams.h */ = {isa = PBXFileReference; fileEncoding = 4; lastKnownFileType = sourcecode.c.h; path = FBOpenGraphActionShareDialogParams.h; sourceTree = "<group>"; };
		004FAD0017F39D4E008D17F4 /* FBOpenGraphObject.h */ = {isa = PBXFileReference; fileEncoding = 4; lastKnownFileType = sourcecode.c.h; path = FBOpenGraphObject.h; sourceTree = "<group>"; };
		004FAD0117F39D4E008D17F4 /* FBPlacePickerViewController.h */ = {isa = PBXFileReference; fileEncoding = 4; lastKnownFileType = sourcecode.c.h; path = FBPlacePickerViewController.h; sourceTree = "<group>"; };
		004FAD0217F39D4E008D17F4 /* FBProfilePictureView.h */ = {isa = PBXFileReference; fileEncoding = 4; lastKnownFileType = sourcecode.c.h; path = FBProfilePictureView.h; sourceTree = "<group>"; };
		004FAD0317F39D4E008D17F4 /* FBRequest.h */ = {isa = PBXFileReference; fileEncoding = 4; lastKnownFileType = sourcecode.c.h; path = FBRequest.h; sourceTree = "<group>"; };
		004FAD0417F39D4E008D17F4 /* FBRequestConnection.h */ = {isa = PBXFileReference; fileEncoding = 4; lastKnownFileType = sourcecode.c.h; path = FBRequestConnection.h; sourceTree = "<group>"; };
		004FAD0517F39D4E008D17F4 /* FBSession.h */ = {isa = PBXFileReference; fileEncoding = 4; lastKnownFileType = sourcecode.c.h; path = FBSession.h; sourceTree = "<group>"; };
		004FAD0617F39D4E008D17F4 /* FBSessionManualTokenCachingStrategy.h */ = {isa = PBXFileReference; fileEncoding = 4; lastKnownFileType = sourcecode.c.h; path = FBSessionManualTokenCachingStrategy.h; sourceTree = "<group>"; };
		004FAD0717F39D4E008D17F4 /* FBSessionTokenCachingStrategy.h */ = {isa = PBXFileReference; fileEncoding = 4; lastKnownFileType = sourcecode.c.h; path = FBSessionTokenCachingStrategy.h; sourceTree = "<group>"; };
		004FAD0817F39D4E008D17F4 /* FBSettings.h */ = {isa = PBXFileReference; fileEncoding = 4; lastKnownFileType = sourcecode.c.h; path = FBSettings.h; sourceTree = "<group>"; };
		004FAD0917F39D4E008D17F4 /* FBShareDialogParams.h */ = {isa = PBXFileReference; fileEncoding = 4; lastKnownFileType = sourcecode.c.h; path = FBShareDialogParams.h; sourceTree = "<group>"; };
		004FAD0A17F39D4E008D17F4 /* FBTestSession.h */ = {isa = PBXFileReference; fileEncoding = 4; lastKnownFileType = sourcecode.c.h; path = FBTestSession.h; sourceTree = "<group>"; };
		004FAD0B17F39D4E008D17F4 /* FBUserSettingsViewController.h */ = {isa = PBXFileReference; fileEncoding = 4; lastKnownFileType = sourcecode.c.h; path = FBUserSettingsViewController.h; sourceTree = "<group>"; };
		004FAD0C17F39D4E008D17F4 /* FBViewController.h */ = {isa = PBXFileReference; fileEncoding = 4; lastKnownFileType = sourcecode.c.h; path = FBViewController.h; sourceTree = "<group>"; };
		004FAD0D17F39D4E008D17F4 /* FBWebDialogs.h */ = {isa = PBXFileReference; fileEncoding = 4; lastKnownFileType = sourcecode.c.h; path = FBWebDialogs.h; sourceTree = "<group>"; };
		004FAD0E17F39D4E008D17F4 /* NSError+FBError.h */ = {isa = PBXFileReference; fileEncoding = 4; lastKnownFileType = sourcecode.c.h; path = "NSError+FBError.h"; sourceTree = "<group>"; };
		004FAD0F17F39E15008D17F4 /* Social.framework */ = {isa = PBXFileReference; lastKnownFileType = wrapper.framework; name = Social.framework; path = System/Library/Frameworks/Social.framework; sourceTree = SDKROOT; };
		004FAD1117F39E28008D17F4 /* Accounts.framework */ = {isa = PBXFileReference; lastKnownFileType = wrapper.framework; name = Accounts.framework; path = System/Library/Frameworks/Accounts.framework; sourceTree = SDKROOT; };
		004FAD1317F39E31008D17F4 /* AdSupport.framework */ = {isa = PBXFileReference; lastKnownFileType = wrapper.framework; name = AdSupport.framework; path = System/Library/Frameworks/AdSupport.framework; sourceTree = SDKROOT; };
		004FAD1617F39E85008D17F4 /* FacebookConnectPlugin.h */ = {isa = PBXFileReference; fileEncoding = 4; lastKnownFileType = sourcecode.c.h; name = FacebookConnectPlugin.h; path = "../../../../../../Downloads/phonegap-facebook-plugin-master/src/ios/FacebookConnectPlugin.h"; sourceTree = "<group>"; };
		004FAD1717F39E8F008D17F4 /* FacebookConnectPlugin.m */ = {isa = PBXFileReference; fileEncoding = 4; lastKnownFileType = sourcecode.c.objc; name = FacebookConnectPlugin.m; path = "../../../../../../Downloads/phonegap-facebook-plugin-master/src/ios/FacebookConnectPlugin.m"; sourceTree = "<group>"; };
		007ECE5017F84EE000DCB0FC /* kushdev-Info.plist */ = {isa = PBXFileReference; lastKnownFileType = text.plist.xml; path = "kushdev-Info.plist"; sourceTree = "<group>"; };
		007ECE5217F84EE000DCB0FC /* en */ = {isa = PBXFileReference; lastKnownFileType = text.plist.strings; name = en; path = en.lproj/InfoPlist.strings; sourceTree = "<group>"; };
		007ECE5417F84EE000DCB0FC /* main.m */ = {isa = PBXFileReference; lastKnownFileType = sourcecode.c.objc; path = main.m; sourceTree = "<group>"; };
		007ECE5617F84EE000DCB0FC /* kushdev-Prefix.pch */ = {isa = PBXFileReference; lastKnownFileType = sourcecode.c.h; path = "kushdev-Prefix.pch"; sourceTree = "<group>"; };
		007ECE5717F84EE000DCB0FC /* AppDelegate.h */ = {isa = PBXFileReference; lastKnownFileType = sourcecode.c.h; path = AppDelegate.h; sourceTree = "<group>"; };
		007ECE5817F84EE000DCB0FC /* AppDelegate.m */ = {isa = PBXFileReference; lastKnownFileType = sourcecode.c.objc; path = AppDelegate.m; sourceTree = "<group>"; };
		007ECE5A17F84EE100DCB0FC /* Images.xcassets */ = {isa = PBXFileReference; lastKnownFileType = folder.assetcatalog; path = Images.xcassets; sourceTree = "<group>"; };
		007ECE6117F84EE100DCB0FC /* XCTest.framework */ = {isa = PBXFileReference; lastKnownFileType = wrapper.framework; name = XCTest.framework; path = Library/Frameworks/XCTest.framework; sourceTree = DEVELOPER_DIR; };
		007ECE6917F84EE100DCB0FC /* kushdevTests-Info.plist */ = {isa = PBXFileReference; lastKnownFileType = text.plist.xml; path = "kushdevTests-Info.plist"; sourceTree = "<group>"; };
		007ECE6B17F84EE100DCB0FC /* en */ = {isa = PBXFileReference; lastKnownFileType = text.plist.strings; name = en; path = en.lproj/InfoPlist.strings; sourceTree = "<group>"; };
		007ECE6D17F84EE100DCB0FC /* kushdevTests.m */ = {isa = PBXFileReference; lastKnownFileType = sourcecode.c.objc; path = kushdevTests.m; sourceTree = "<group>"; };
		00D8DBCE17EDE5AF0018D3BE /* Images.xcassets */ = {isa = PBXFileReference; lastKnownFileType = folder.assetcatalog; name = Images.xcassets; path = Kush/Images.xcassets; sourceTree = SOURCE_ROOT; };
		00D8DBD017EDE7E10018D3BE /* icon-120.png */ = {isa = PBXFileReference; lastKnownFileType = image.png; name = "icon-120.png"; path = "Kush/Resources/icons/icon-120.png"; sourceTree = "<group>"; };
		00D8DBD117EDE7EE0018D3BE /* icon-80.png */ = {isa = PBXFileReference; lastKnownFileType = image.png; name = "icon-80.png"; path = "Kush/Resources/icons/icon-80.png"; sourceTree = "<group>"; };
		00D8DBD217EDE7FA0018D3BE /* icon-58.png */ = {isa = PBXFileReference; lastKnownFileType = image.png; name = "icon-58.png"; path = "Kush/Resources/icons/icon-58.png"; sourceTree = "<group>"; };
		00DB38BD17F7157E004D9F63 /* icon-120.png */ = {isa = PBXFileReference; lastKnownFileType = image.png; path = "icon-120.png"; sourceTree = "<group>"; };
		00DB38BE17F7157E004D9F63 /* icon-58.png */ = {isa = PBXFileReference; lastKnownFileType = image.png; path = "icon-58.png"; sourceTree = "<group>"; };
		00DB38BF17F7157E004D9F63 /* icon-80.png */ = {isa = PBXFileReference; lastKnownFileType = image.png; path = "icon-80.png"; sourceTree = "<group>"; };
		00DB38C517F71832004D9F63 /* icon-29.png */ = {isa = PBXFileReference; lastKnownFileType = image.png; path = "icon-29.png"; sourceTree = "<group>"; };
		00DB38C717F71876004D9F63 /* icon-57.png */ = {isa = PBXFileReference; lastKnownFileType = image.png; path = "icon-57.png"; sourceTree = "<group>"; };
		00DB38C817F71876004D9F63 /* icon-114.png */ = {isa = PBXFileReference; lastKnownFileType = image.png; path = "icon-114.png"; sourceTree = "<group>"; };
		064D184A12B54E4994DF3809 /* UAPush.h */ = {isa = PBXFileReference; fileEncoding = 4; lastKnownFileType = sourcecode.c.h; name = UAPush.h; path = com.urbanairship.phonegap.PushNotification/UAPush.h; sourceTree = "<group>"; };
		06607D53BDEA4EDEB1EB690A /* UA_SBJsonBase.h */ = {isa = PBXFileReference; fileEncoding = 4; lastKnownFileType = sourcecode.c.h; name = UA_SBJsonBase.h; path = com.urbanairship.phonegap.PushNotification/UA_SBJsonBase.h; sourceTree = "<group>"; };
		123D9A34FFC742C48D4AE916 /* UATagUtils.h */ = {isa = PBXFileReference; fileEncoding = 4; lastKnownFileType = sourcecode.c.h; name = UATagUtils.h; path = com.urbanairship.phonegap.PushNotification/UATagUtils.h; sourceTree = "<group>"; };
		17ECEB6D13BC48AAB4FABE39 /* libUAirship-2.0.3.a */ = {isa = PBXFileReference; fileEncoding = 4; lastKnownFileType = archive.ar; name = "libUAirship-2.0.3.a"; path = "com.urbanairship.phonegap.PushNotification/libUAirship-2.0.3.a"; sourceTree = "<group>"; };
		18262658EBC346038825BC40 /* libz.dylib */ = {isa = PBXFileReference; fileEncoding = 4; lastKnownFileType = "compiled.mach-o.dylib"; name = libz.dylib; path = usr/lib/libz.dylib; sourceTree = SDKROOT; };
		1C8ED090C4E44811A2FE2CE0 /* CDVDevice.h */ = {isa = PBXFileReference; fileEncoding = 4; lastKnownFileType = sourcecode.c.h; name = CDVDevice.h; path = org.apache.cordova.core.device/CDVDevice.h; sourceTree = "<group>"; };
		1D30AB110D05D00D00671497 /* Foundation.framework */ = {isa = PBXFileReference; lastKnownFileType = wrapper.framework; name = Foundation.framework; path = System/Library/Frameworks/Foundation.framework; sourceTree = SDKROOT; };
		1D3623240D0F684500981E51 /* AppDelegate.h */ = {isa = PBXFileReference; fileEncoding = 4; lastKnownFileType = sourcecode.c.h; path = AppDelegate.h; sourceTree = "<group>"; };
		1D3623250D0F684500981E51 /* AppDelegate.m */ = {isa = PBXFileReference; fileEncoding = 4; lastKnownFileType = sourcecode.c.objc; path = AppDelegate.m; sourceTree = "<group>"; };
		1D6058910D05DD3D006BFB54 /* Kush.app */ = {isa = PBXFileReference; explicitFileType = wrapper.application; includeInIndex = 0; path = Kush.app; sourceTree = BUILT_PRODUCTS_DIR; };
		1D8C59A01FB84273ACB0AAD9 /* UAEvent.h */ = {isa = PBXFileReference; fileEncoding = 4; lastKnownFileType = sourcecode.c.h; name = UAEvent.h; path = com.urbanairship.phonegap.PushNotification/UAEvent.h; sourceTree = "<group>"; };
		1DF5F4DF0D08C38300B7A737 /* UIKit.framework */ = {isa = PBXFileReference; lastKnownFileType = wrapper.framework; name = UIKit.framework; path = System/Library/Frameworks/UIKit.framework; sourceTree = SDKROOT; };
		1F766FDD13BBADB100FB74C0 /* en */ = {isa = PBXFileReference; lastKnownFileType = text.plist.strings; name = en; path = Localizable.strings; sourceTree = "<group>"; };
		1F766FE013BBADB100FB74C0 /* es */ = {isa = PBXFileReference; lastKnownFileType = text.plist.strings; name = es; path = Localizable.strings; sourceTree = "<group>"; };
		1FF32300CA3F4C51A167BD5C /* UABaseAppDelegateSurrogate.h */ = {isa = PBXFileReference; fileEncoding = 4; lastKnownFileType = sourcecode.c.h; name = UABaseAppDelegateSurrogate.h; path = com.urbanairship.phonegap.PushNotification/UABaseAppDelegateSurrogate.h; sourceTree = "<group>"; };
		20CC80712EE64479ACA72C92 /* UA_FMDatabase.h */ = {isa = PBXFileReference; fileEncoding = 4; lastKnownFileType = sourcecode.c.h; name = UA_FMDatabase.h; path = com.urbanairship.phonegap.PushNotification/UA_FMDatabase.h; sourceTree = "<group>"; };
		247C8CCBE8D64389A7B16984 /* UAAutoAppDelegate.h */ = {isa = PBXFileReference; fileEncoding = 4; lastKnownFileType = sourcecode.c.h; name = UAAutoAppDelegate.h; path = com.urbanairship.phonegap.PushNotification/UAAutoAppDelegate.h; sourceTree = "<group>"; };
		25112EED64264F2DA25F22AA /* UAHTTPConnectionOperation.h */ = {isa = PBXFileReference; fileEncoding = 4; lastKnownFileType = sourcecode.c.h; name = UAHTTPConnectionOperation.h; path = com.urbanairship.phonegap.PushNotification/UAHTTPConnectionOperation.h; sourceTree = "<group>"; };
		25B665DEAA08440DB52C256B /* UALocationCommonValues.h */ = {isa = PBXFileReference; fileEncoding = 4; lastKnownFileType = sourcecode.c.h; name = UALocationCommonValues.h; path = com.urbanairship.phonegap.PushNotification/UALocationCommonValues.h; sourceTree = "<group>"; };
		288765FC0DF74451002DB57D /* CoreGraphics.framework */ = {isa = PBXFileReference; lastKnownFileType = wrapper.framework; name = CoreGraphics.framework; path = System/Library/Frameworks/CoreGraphics.framework; sourceTree = SDKROOT; };
		29B97316FDCFA39411CA2CEA /* main.m */ = {isa = PBXFileReference; fileEncoding = 4; lastKnownFileType = sourcecode.c.objc; path = main.m; sourceTree = "<group>"; };
		2D6B36B2ADA04C9DBF00AF4A /* PushNotificationPlugin.h */ = {isa = PBXFileReference; fileEncoding = 4; lastKnownFileType = sourcecode.c.h; name = PushNotificationPlugin.h; path = com.urbanairship.phonegap.PushNotification/PushNotificationPlugin.h; sourceTree = "<group>"; };
		301BF52D109A57CC0062928A /* CordovaLib.xcodeproj */ = {isa = PBXFileReference; lastKnownFileType = "wrapper.pb-project"; name = CordovaLib.xcodeproj; path = CordovaLib/CordovaLib.xcodeproj; sourceTree = "<group>"; };
		301BF56E109A69640062928A /* www */ = {isa = PBXFileReference; lastKnownFileType = folder; path = www; sourceTree = SOURCE_ROOT; };
		301BF5B4109A6A2B0062928A /* AddressBook.framework */ = {isa = PBXFileReference; lastKnownFileType = wrapper.framework; name = AddressBook.framework; path = System/Library/Frameworks/AddressBook.framework; sourceTree = SDKROOT; };
		301BF5B6109A6A2B0062928A /* AddressBookUI.framework */ = {isa = PBXFileReference; lastKnownFileType = wrapper.framework; name = AddressBookUI.framework; path = System/Library/Frameworks/AddressBookUI.framework; sourceTree = SDKROOT; };
		301BF5B8109A6A2B0062928A /* AudioToolbox.framework */ = {isa = PBXFileReference; lastKnownFileType = wrapper.framework; name = AudioToolbox.framework; path = System/Library/Frameworks/AudioToolbox.framework; sourceTree = SDKROOT; };
		301BF5BA109A6A2B0062928A /* AVFoundation.framework */ = {isa = PBXFileReference; lastKnownFileType = wrapper.framework; name = AVFoundation.framework; path = System/Library/Frameworks/AVFoundation.framework; sourceTree = SDKROOT; };
		301BF5BC109A6A2B0062928A /* CFNetwork.framework */ = {isa = PBXFileReference; lastKnownFileType = wrapper.framework; name = CFNetwork.framework; path = System/Library/Frameworks/CFNetwork.framework; sourceTree = SDKROOT; };
		301BF5BE109A6A2B0062928A /* CoreLocation.framework */ = {isa = PBXFileReference; lastKnownFileType = wrapper.framework; name = CoreLocation.framework; path = System/Library/Frameworks/CoreLocation.framework; sourceTree = SDKROOT; };
		301BF5C0109A6A2B0062928A /* MediaPlayer.framework */ = {isa = PBXFileReference; lastKnownFileType = wrapper.framework; name = MediaPlayer.framework; path = System/Library/Frameworks/MediaPlayer.framework; sourceTree = SDKROOT; };
		301BF5C2109A6A2B0062928A /* QuartzCore.framework */ = {isa = PBXFileReference; lastKnownFileType = wrapper.framework; name = QuartzCore.framework; path = System/Library/Frameworks/QuartzCore.framework; sourceTree = SDKROOT; };
		301BF5C4109A6A2B0062928A /* SystemConfiguration.framework */ = {isa = PBXFileReference; lastKnownFileType = wrapper.framework; name = SystemConfiguration.framework; path = System/Library/Frameworks/SystemConfiguration.framework; sourceTree = SDKROOT; };
		302D95EE14D2391D003F00A1 /* MainViewController.h */ = {isa = PBXFileReference; fileEncoding = 4; lastKnownFileType = sourcecode.c.h; path = MainViewController.h; sourceTree = "<group>"; };
		302D95EF14D2391D003F00A1 /* MainViewController.m */ = {isa = PBXFileReference; fileEncoding = 4; lastKnownFileType = sourcecode.c.objc; path = MainViewController.m; sourceTree = "<group>"; };
		302D95F014D2391D003F00A1 /* MainViewController.xib */ = {isa = PBXFileReference; fileEncoding = 4; lastKnownFileType = file.xib; path = MainViewController.xib; sourceTree = "<group>"; };
		305D5FD0115AB8F900A74A75 /* MobileCoreServices.framework */ = {isa = PBXFileReference; lastKnownFileType = wrapper.framework; name = MobileCoreServices.framework; path = System/Library/Frameworks/MobileCoreServices.framework; sourceTree = SDKROOT; };
		3088BBB7154F3926009F9C59 /* Default-Landscape@2x~ipad.png */ = {isa = PBXFileReference; lastKnownFileType = image.png; path = "Default-Landscape@2x~ipad.png"; sourceTree = "<group>"; };
		3088BBB8154F3926009F9C59 /* Default-Landscape~ipad.png */ = {isa = PBXFileReference; lastKnownFileType = image.png; path = "Default-Landscape~ipad.png"; sourceTree = "<group>"; };
		3088BBB9154F3926009F9C59 /* Default-Portrait@2x~ipad.png */ = {isa = PBXFileReference; lastKnownFileType = image.png; path = "Default-Portrait@2x~ipad.png"; sourceTree = "<group>"; };
		3088BBBA154F3926009F9C59 /* Default-Portrait~ipad.png */ = {isa = PBXFileReference; lastKnownFileType = image.png; path = "Default-Portrait~ipad.png"; sourceTree = "<group>"; };
		3088BBBB154F3926009F9C59 /* Default@2x~iphone.png */ = {isa = PBXFileReference; lastKnownFileType = image.png; path = "Default@2x~iphone.png"; sourceTree = "<group>"; };
		3088BBBC154F3926009F9C59 /* Default~iphone.png */ = {isa = PBXFileReference; lastKnownFileType = image.png; path = "Default~iphone.png"; sourceTree = "<group>"; };
		30A0434414DC770100060A13 /* de */ = {isa = PBXFileReference; lastKnownFileType = text.plist.strings; name = de; path = Localizable.strings; sourceTree = "<group>"; };
		30A0434714DC770100060A13 /* se */ = {isa = PBXFileReference; lastKnownFileType = text.plist.strings; name = se; path = Localizable.strings; sourceTree = "<group>"; };
		30E5649113A7FCAF007403D8 /* CoreMedia.framework */ = {isa = PBXFileReference; lastKnownFileType = wrapper.framework; name = CoreMedia.framework; path = System/Library/Frameworks/CoreMedia.framework; sourceTree = SDKROOT; };
		32CA4F630368D1EE00C91783 /* Kush-Prefix.pch */ = {isa = PBXFileReference; fileEncoding = 4; lastKnownFileType = sourcecode.c.h; path = "Kush-Prefix.pch"; sourceTree = "<group>"; };
		35164EE54DD544D08B43DD79 /* UA_Base64.h */ = {isa = PBXFileReference; fileEncoding = 4; lastKnownFileType = sourcecode.c.h; name = UA_Base64.h; path = com.urbanairship.phonegap.PushNotification/UA_Base64.h; sourceTree = "<group>"; };
		3565087638B9496782989A5E /* PushPlugin.m */ = {isa = PBXFileReference; fileEncoding = 4; lastKnownFileType = sourcecode.c.objc; name = PushPlugin.m; path = com.phonegap.plugins.PushPlugin/PushPlugin.m; sourceTree = "<group>"; };
		399973FA07314C908E9BFC10 /* UALocationService.h */ = {isa = PBXFileReference; fileEncoding = 4; lastKnownFileType = sourcecode.c.h; name = UALocationService.h; path = com.urbanairship.phonegap.PushNotification/UALocationService.h; sourceTree = "<group>"; };
		41C91DEA10F248809D55CAFE /* libUAirship-2.0.3.a */ = {isa = PBXFileReference; fileEncoding = 4; lastKnownFileType = archive.ar; name = "libUAirship-2.0.3.a"; path = "Kush/Plugins/com.urbanairship.phonegap.PushNotification/libUAirship-2.0.3.a"; sourceTree = "<group>"; };
		48773CE17FC64A44A1470606 /* UABaseLocationProvider.h */ = {isa = PBXFileReference; fileEncoding = 4; lastKnownFileType = sourcecode.c.h; name = UABaseLocationProvider.h; path = com.urbanairship.phonegap.PushNotification/UABaseLocationProvider.h; sourceTree = "<group>"; };
		4C9402920B68434E971C5D7E /* PushNotificationPlugin.m */ = {isa = PBXFileReference; fileEncoding = 4; lastKnownFileType = sourcecode.c.objc; name = PushNotificationPlugin.m; path = com.urbanairship.phonegap.PushNotification/PushNotificationPlugin.m; sourceTree = "<group>"; };
		561C0BE6A490464D9763AA7F /* UAHTTPRequest.h */ = {isa = PBXFileReference; fileEncoding = 4; lastKnownFileType = sourcecode.c.h; name = UAHTTPRequest.h; path = com.urbanairship.phonegap.PushNotification/UAHTTPRequest.h; sourceTree = "<group>"; };
		5780F0C87C9C4A5A9C5965E0 /* UAHTTPConnection.h */ = {isa = PBXFileReference; fileEncoding = 4; lastKnownFileType = sourcecode.c.h; name = UAHTTPConnection.h; path = com.urbanairship.phonegap.PushNotification/UAHTTPConnection.h; sourceTree = "<group>"; };
		57FCA1D8256942ABAE626823 /* UASignificantChangeProvider.h */ = {isa = PBXFileReference; fileEncoding = 4; lastKnownFileType = sourcecode.c.h; name = UASignificantChangeProvider.h; path = com.urbanairship.phonegap.PushNotification/UASignificantChangeProvider.h; sourceTree = "<group>"; };
		5AA0E66C1729F45B000DC89A /* OpenAL.framework */ = {isa = PBXFileReference; lastKnownFileType = wrapper.framework; name = OpenAL.framework; path = System/Library/Frameworks/OpenAL.framework; sourceTree = SDKROOT; };
		5AA0E66E1729F460000DC89A /* ImageIO.framework */ = {isa = PBXFileReference; lastKnownFileType = wrapper.framework; name = ImageIO.framework; path = System/Library/Frameworks/ImageIO.framework; sourceTree = SDKROOT; };
		5AEE5B34173C68D80009041E /* CoreLocation.framework */ = {isa = PBXFileReference; lastKnownFileType = wrapper.framework; name = CoreLocation.framework; path = System/Library/Frameworks/CoreLocation.framework; sourceTree = SDKROOT; };
		5B1594DC16A7569C00FEF299 /* AssetsLibrary.framework */ = {isa = PBXFileReference; lastKnownFileType = wrapper.framework; name = AssetsLibrary.framework; path = System/Library/Frameworks/AssetsLibrary.framework; sourceTree = SDKROOT; };
		5DD4A89B27FE44488807B898 /* UAHTTPRequestEngine.h */ = {isa = PBXFileReference; fileEncoding = 4; lastKnownFileType = sourcecode.c.h; name = UAHTTPRequestEngine.h; path = com.urbanairship.phonegap.PushNotification/UAHTTPRequestEngine.h; sourceTree = "<group>"; };
		6B62AC89C8EB4E35B508B32F /* libsqlite3.dylib */ = {isa = PBXFileReference; fileEncoding = 4; lastKnownFileType = "compiled.mach-o.dylib"; name = libsqlite3.dylib; path = usr/lib/libsqlite3.dylib; sourceTree = SDKROOT; };
		6EAAE5138F944DB1BD10AB3F /* UALocationEvent.h */ = {isa = PBXFileReference; fileEncoding = 4; lastKnownFileType = sourcecode.c.h; name = UALocationEvent.h; path = com.urbanairship.phonegap.PushNotification/UALocationEvent.h; sourceTree = "<group>"; };
		70C9DAF8079D4A13B3BEAB0C /* UA_SBJsonParser.h */ = {isa = PBXFileReference; fileEncoding = 4; lastKnownFileType = sourcecode.c.h; name = UA_SBJsonParser.h; path = com.urbanairship.phonegap.PushNotification/UA_SBJsonParser.h; sourceTree = "<group>"; };
		71B176386E3B40FCBE4A9049 /* UAKeychainUtils.h */ = {isa = PBXFileReference; fileEncoding = 4; lastKnownFileType = sourcecode.c.h; name = UAKeychainUtils.h; path = com.urbanairship.phonegap.PushNotification/UAKeychainUtils.h; sourceTree = "<group>"; };
		76047BE3C6074936B3C5D773 /* UAConfig.h */ = {isa = PBXFileReference; fileEncoding = 4; lastKnownFileType = sourcecode.c.h; name = UAConfig.h; path = com.urbanairship.phonegap.PushNotification/UAConfig.h; sourceTree = "<group>"; };
		79C2AE53DB53460BBAC4EF68 /* UA_Reachability.h */ = {isa = PBXFileReference; fileEncoding = 4; lastKnownFileType = sourcecode.c.h; name = UA_Reachability.h; path = com.urbanairship.phonegap.PushNotification/UA_Reachability.h; sourceTree = "<group>"; };
		8D1107310486CEB800E47090 /* Kush-Info.plist */ = {isa = PBXFileReference; fileEncoding = 4; lastKnownFileType = text.plist.xml; name = "Kush-Info.plist"; path = "../Kush-Info.plist"; plistStructureDefinitionIdentifier = "com.apple.xcode.plist.structure-definition.iphone.info-plist"; sourceTree = "<group>"; };
		A1524E2502D14FCC917CDDA1 /* UAAnalyticsDBManager.h */ = {isa = PBXFileReference; fileEncoding = 4; lastKnownFileType = sourcecode.c.h; name = UAAnalyticsDBManager.h; path = com.urbanairship.phonegap.PushNotification/UAAnalyticsDBManager.h; sourceTree = "<group>"; };
		A19AFD1658444BE9AC512609 /* PushPlugin.h */ = {isa = PBXFileReference; fileEncoding = 4; lastKnownFileType = sourcecode.c.h; name = PushPlugin.h; path = com.phonegap.plugins.PushPlugin/PushPlugin.h; sourceTree = "<group>"; };
		A2BE91AB55C243F588FF89BB /* UASQLite.h */ = {isa = PBXFileReference; fileEncoding = 4; lastKnownFileType = sourcecode.c.h; name = UASQLite.h; path = com.urbanairship.phonegap.PushNotification/UASQLite.h; sourceTree = "<group>"; };
		ABFD3F839D464487839E773E /* UAUserData.h */ = {isa = PBXFileReference; fileEncoding = 4; lastKnownFileType = sourcecode.c.h; name = UAUserData.h; path = com.urbanairship.phonegap.PushNotification/UAUserData.h; sourceTree = "<group>"; };
		B332ED2071A648C88B8DEC7F /* UALocationProviderDelegate.h */ = {isa = PBXFileReference; fileEncoding = 4; lastKnownFileType = sourcecode.c.h; name = UALocationProviderDelegate.h; path = com.urbanairship.phonegap.PushNotification/UALocationProviderDelegate.h; sourceTree = "<group>"; };
		B6A2397007B7447FB2E9302B /* UA_FMResultSet.h */ = {isa = PBXFileReference; fileEncoding = 4; lastKnownFileType = sourcecode.c.h; name = UA_FMResultSet.h; path = com.urbanairship.phonegap.PushNotification/UA_FMResultSet.h; sourceTree = "<group>"; };
		BAF6A460F7304B2396BA1647 /* CoreTelephony.framework */ = {isa = PBXFileReference; fileEncoding = 4; lastKnownFileType = wrapper.framework; name = CoreTelephony.framework; path = System/Library/Frameworks/CoreTelephony.framework; sourceTree = SDKROOT; };
		BB8A394668D049ADA56AF0E3 /* UALocationProviderProtocol.h */ = {isa = PBXFileReference; fileEncoding = 4; lastKnownFileType = sourcecode.c.h; name = UALocationProviderProtocol.h; path = com.urbanairship.phonegap.PushNotification/UALocationProviderProtocol.h; sourceTree = "<group>"; };
		BC8B4760BBB2428C913BE812 /* UADeviceRegistrationPayload.h */ = {isa = PBXFileReference; fileEncoding = 4; lastKnownFileType = sourcecode.c.h; name = UADeviceRegistrationPayload.h; path = com.urbanairship.phonegap.PushNotification/UADeviceRegistrationPayload.h; sourceTree = "<group>"; };
		C1BDB34449DE4FF3B026A706 /* UAirship.h */ = {isa = PBXFileReference; fileEncoding = 4; lastKnownFileType = sourcecode.c.h; name = UAirship.h; path = com.urbanairship.phonegap.PushNotification/UAirship.h; sourceTree = "<group>"; };
		C3870D7022D24F078A6D3372 /* UAGlobal.h */ = {isa = PBXFileReference; fileEncoding = 4; lastKnownFileType = sourcecode.c.h; name = UAGlobal.h; path = com.urbanairship.phonegap.PushNotification/UAGlobal.h; sourceTree = "<group>"; };
		C3AC091AC7544D6E8F7BBDDB /* UAUserAPIClient.h */ = {isa = PBXFileReference; fileEncoding = 4; lastKnownFileType = sourcecode.c.h; name = UAUserAPIClient.h; path = com.urbanairship.phonegap.PushNotification/UAUserAPIClient.h; sourceTree = "<group>"; };
		CBE251FC69E9413EA0B90C10 /* UADeviceRegistrationData.h */ = {isa = PBXFileReference; fileEncoding = 4; lastKnownFileType = sourcecode.c.h; name = UADeviceRegistrationData.h; path = com.urbanairship.phonegap.PushNotification/UADeviceRegistrationData.h; sourceTree = "<group>"; };
		D4A0D8751607E02300AEF8BB /* Default-568h@2x~iphone.png */ = {isa = PBXFileReference; lastKnownFileType = image.png; path = "Default-568h@2x~iphone.png"; sourceTree = "<group>"; };
		DB898BAF627E47F694CB0A23 /* UA_SBJsonWriter.h */ = {isa = PBXFileReference; fileEncoding = 4; lastKnownFileType = sourcecode.c.h; name = UA_SBJsonWriter.h; path = com.urbanairship.phonegap.PushNotification/UA_SBJsonWriter.h; sourceTree = "<group>"; };
		DC9865CD94FB4352887DBFA1 /* UAObservable.h */ = {isa = PBXFileReference; fileEncoding = 4; lastKnownFileType = sourcecode.c.h; name = UAObservable.h; path = com.urbanairship.phonegap.PushNotification/UAObservable.h; sourceTree = "<group>"; };
		E2042C4DD79948FB888111B1 /* UA_SBJSON.h */ = {isa = PBXFileReference; fileEncoding = 4; lastKnownFileType = sourcecode.c.h; name = UA_SBJSON.h; path = com.urbanairship.phonegap.PushNotification/UA_SBJSON.h; sourceTree = "<group>"; };
		E50DC6612F9F4634B426C7F3 /* CDVDevice.m */ = {isa = PBXFileReference; fileEncoding = 4; lastKnownFileType = sourcecode.c.objc; name = CDVDevice.m; path = org.apache.cordova.core.device/CDVDevice.m; sourceTree = "<group>"; };
		E5A80C66763A40E98D0620C1 /* Security.framework */ = {isa = PBXFileReference; fileEncoding = 4; lastKnownFileType = wrapper.framework; name = Security.framework; path = System/Library/Frameworks/Security.framework; sourceTree = SDKROOT; };
		E8AED4FB8D9F48BF8EED2232 /* UADeviceAPIClient.h */ = {isa = PBXFileReference; fileEncoding = 4; lastKnownFileType = sourcecode.c.h; name = UADeviceAPIClient.h; path = com.urbanairship.phonegap.PushNotification/UADeviceAPIClient.h; sourceTree = "<group>"; };
		E9EB0BE4AADC4369889B5CDC /* UAUser.h */ = {isa = PBXFileReference; fileEncoding = 4; lastKnownFileType = sourcecode.c.h; name = UAUser.h; path = com.urbanairship.phonegap.PushNotification/UAUser.h; sourceTree = "<group>"; };
		F840E1F0165FE0F500CFE078 /* config.xml */ = {isa = PBXFileReference; lastKnownFileType = text.xml; name = config.xml; path = Kush/config.xml; sourceTree = "<group>"; };
		F9BFA25FDC914D6FB9ED6D0C /* UAStandardLocationProvider.h */ = {isa = PBXFileReference; fileEncoding = 4; lastKnownFileType = sourcecode.c.h; name = UAStandardLocationProvider.h; path = com.urbanairship.phonegap.PushNotification/UAStandardLocationProvider.h; sourceTree = "<group>"; };
		FAF91C5355F847E09FB5A461 /* UAUtils.h */ = {isa = PBXFileReference; fileEncoding = 4; lastKnownFileType = sourcecode.c.h; name = UAUtils.h; path = com.urbanairship.phonegap.PushNotification/UAUtils.h; sourceTree = "<group>"; };
		FB3812E5522449BDA4C0EA3B /* UAAnalytics.h */ = {isa = PBXFileReference; fileEncoding = 4; lastKnownFileType = sourcecode.c.h; name = UAAnalytics.h; path = com.urbanairship.phonegap.PushNotification/UAAnalytics.h; sourceTree = "<group>"; };
		FD18B0787ECE4E4A85DA369D /* UADelayOperation.h */ = {isa = PBXFileReference; fileEncoding = 4; lastKnownFileType = sourcecode.c.h; name = UADelayOperation.h; path = com.urbanairship.phonegap.PushNotification/UADelayOperation.h; sourceTree = "<group>"; };
/* End PBXFileReference section */

/* Begin PBXFrameworksBuildPhase section */
		1D60588F0D05DD3D006BFB54 /* Frameworks */ = {
			isa = PBXFrameworksBuildPhase;
			buildActionMask = 2147483647;
			files = (
				004FAD1417F39E31008D17F4 /* AdSupport.framework in Frameworks */,
				004FAD1217F39E28008D17F4 /* Accounts.framework in Frameworks */,
				004FAD1017F39E15008D17F4 /* Social.framework in Frameworks */,
				301BF5BF109A6A2B0062928A /* CoreLocation.framework in Frameworks */,
				5AA0E66F1729F460000DC89A /* ImageIO.framework in Frameworks */,
				5AA0E66D1729F45B000DC89A /* OpenAL.framework in Frameworks */,
				5B1594DD16A7569C00FEF299 /* AssetsLibrary.framework in Frameworks */,
				301BF552109A68D80062928A /* libCordova.a in Frameworks */,
				004FACE317F39CFB008D17F4 /* FacebookSDK.framework in Frameworks */,
				1D60589F0D05DD5A006BFB54 /* Foundation.framework in Frameworks */,
				1DF5F4E00D08C38300B7A737 /* UIKit.framework in Frameworks */,
				288765FD0DF74451002DB57D /* CoreGraphics.framework in Frameworks */,
				301BF5B5109A6A2B0062928A /* AddressBook.framework in Frameworks */,
				301BF5B7109A6A2B0062928A /* AddressBookUI.framework in Frameworks */,
				301BF5B9109A6A2B0062928A /* AudioToolbox.framework in Frameworks */,
				301BF5BB109A6A2B0062928A /* AVFoundation.framework in Frameworks */,
				301BF5BD109A6A2B0062928A /* CFNetwork.framework in Frameworks */,
				301BF5C1109A6A2B0062928A /* MediaPlayer.framework in Frameworks */,
				301BF5C3109A6A2B0062928A /* QuartzCore.framework in Frameworks */,
				301BF5C5109A6A2B0062928A /* SystemConfiguration.framework in Frameworks */,
				305D5FD1115AB8F900A74A75 /* MobileCoreServices.framework in Frameworks */,
				30E5649213A7FCAF007403D8 /* CoreMedia.framework in Frameworks */,
				51ED83CC52B7459F962544E7 /* libUAirship-2.0.3.a in Frameworks */,
				AB77F3613F084749B769BBD7 /* libsqlite3.dylib in Frameworks */,
				3E66B304078F44F9B175F542 /* libz.dylib in Frameworks */,
				1EC616A0FA8D4A36AA7C95CA /* Security.framework in Frameworks */,
				90192CD382E444E6BA7AD847 /* CoreTelephony.framework in Frameworks */,
			);
			runOnlyForDeploymentPostprocessing = 0;
		};
/* End PBXFrameworksBuildPhase section */

/* Begin PBXGroup section */
		0033F1B8180764CE0027D03E /* Prod Icons */ = {
			isa = PBXGroup;
			children = (
				0033F1B9180764CE0027D03E /* icon-114.png */,
				0033F1BA180764CE0027D03E /* icon-120.png */,
				0033F1BB180764CE0027D03E /* icon-29.png */,
				0033F1BC180764CE0027D03E /* icon-57.png */,
				0033F1BD180764CE0027D03E /* icon-58.png */,
				0033F1BE180764CE0027D03E /* icon-80.png */,
			);
			path = "Prod Icons";
			sourceTree = "<group>";
		};
		0033F1C5180765050027D03E /* Covers */ = {
			isa = PBXGroup;
			children = (
				0033F1C6180765050027D03E /* 640-1136.png */,
				0033F1C7180765050027D03E /* 640-960.png */,
			);
			path = Covers;
			sourceTree = "<group>";
		};
		004FACE417F39D4E008D17F4 /* DeprecatedHeaders */ = {
			isa = PBXGroup;
			children = (
				004FACE517F39D4E008D17F4 /* Facebook.h */,
				004FACE617F39D4E008D17F4 /* FacebookSDK.h */,
				004FACE717F39D4E008D17F4 /* FBAccessTokenData.h */,
				004FACE817F39D4E008D17F4 /* FBAppCall.h */,
				004FACE917F39D4E008D17F4 /* FBAppEvents.h */,
				004FACEA17F39D4E008D17F4 /* FBAppLinkData.h */,
				004FACEB17F39D4E008D17F4 /* FBCacheDescriptor.h */,
				004FACEC17F39D4E008D17F4 /* FBConnect.h */,
				004FACED17F39D4E008D17F4 /* FBDialog.h */,
				004FACEE17F39D4E008D17F4 /* FBDialogs.h */,
				004FACEF17F39D4E008D17F4 /* FBDialogsData.h */,
				004FACF017F39D4E008D17F4 /* FBDialogsParams.h */,
				004FACF117F39D4E008D17F4 /* FBError.h */,
				004FACF217F39D4E008D17F4 /* FBErrorUtility.h */,
				004FACF317F39D4E008D17F4 /* FBFrictionlessRecipientCache.h */,
				004FACF417F39D4E008D17F4 /* FBFrictionlessRequestSettings.h */,
				004FACF517F39D4E008D17F4 /* FBFriendPickerViewController.h */,
				004FACF617F39D4E008D17F4 /* FBGraphLocation.h */,
				004FACF717F39D4E008D17F4 /* FBGraphObject.h */,
				004FACF817F39D4E008D17F4 /* FBGraphPlace.h */,
				004FACF917F39D4E008D17F4 /* FBGraphUser.h */,
				004FACFA17F39D4E008D17F4 /* FBInsights.h */,
				004FACFB17F39D4E008D17F4 /* FBLoginDialog.h */,
				004FACFC17F39D4E008D17F4 /* FBLoginView.h */,
				004FACFD17F39D4E008D17F4 /* FBNativeDialogs.h */,
				004FACFE17F39D4E008D17F4 /* FBOpenGraphAction.h */,
				004FACFF17F39D4E008D17F4 /* FBOpenGraphActionShareDialogParams.h */,
				004FAD0017F39D4E008D17F4 /* FBOpenGraphObject.h */,
				004FAD0117F39D4E008D17F4 /* FBPlacePickerViewController.h */,
				004FAD0217F39D4E008D17F4 /* FBProfilePictureView.h */,
				004FAD0317F39D4E008D17F4 /* FBRequest.h */,
				004FAD0417F39D4E008D17F4 /* FBRequestConnection.h */,
				004FAD0517F39D4E008D17F4 /* FBSession.h */,
				004FAD0617F39D4E008D17F4 /* FBSessionManualTokenCachingStrategy.h */,
				004FAD0717F39D4E008D17F4 /* FBSessionTokenCachingStrategy.h */,
				004FAD0817F39D4E008D17F4 /* FBSettings.h */,
				004FAD0917F39D4E008D17F4 /* FBShareDialogParams.h */,
				004FAD0A17F39D4E008D17F4 /* FBTestSession.h */,
				004FAD0B17F39D4E008D17F4 /* FBUserSettingsViewController.h */,
				004FAD0C17F39D4E008D17F4 /* FBViewController.h */,
				004FAD0D17F39D4E008D17F4 /* FBWebDialogs.h */,
				004FAD0E17F39D4E008D17F4 /* NSError+FBError.h */,
			);
			name = DeprecatedHeaders;
			path = ../../../FacebookSDK/FacebookSDK.framework/Versions/A/DeprecatedHeaders;
			sourceTree = "<group>";
		};
		004FAD1517F39E47008D17F4 /* ios */ = {
			isa = PBXGroup;
			children = (
				004FAD1717F39E8F008D17F4 /* FacebookConnectPlugin.m */,
				004FAD1617F39E85008D17F4 /* FacebookConnectPlugin.h */,
			);
			name = ios;
			sourceTree = "<group>";
		};
		007ECE4E17F84EE000DCB0FC /* kushdev */ = {
			isa = PBXGroup;
			children = (
				007ECE5717F84EE000DCB0FC /* AppDelegate.h */,
				007ECE5817F84EE000DCB0FC /* AppDelegate.m */,
				007ECE5A17F84EE100DCB0FC /* Images.xcassets */,
				007ECE4F17F84EE000DCB0FC /* Supporting Files */,
			);
			path = kushdev;
			sourceTree = "<group>";
		};
		007ECE4F17F84EE000DCB0FC /* Supporting Files */ = {
			isa = PBXGroup;
			children = (
				007ECE5017F84EE000DCB0FC /* kushdev-Info.plist */,
				007ECE5117F84EE000DCB0FC /* InfoPlist.strings */,
				007ECE5417F84EE000DCB0FC /* main.m */,
				007ECE5617F84EE000DCB0FC /* kushdev-Prefix.pch */,
			);
			name = "Supporting Files";
			sourceTree = "<group>";
		};
		007ECE6717F84EE100DCB0FC /* kushdevTests */ = {
			isa = PBXGroup;
			children = (
				007ECE6D17F84EE100DCB0FC /* kushdevTests.m */,
				007ECE6817F84EE100DCB0FC /* Supporting Files */,
			);
			path = kushdevTests;
			sourceTree = "<group>";
		};
		007ECE6817F84EE100DCB0FC /* Supporting Files */ = {
			isa = PBXGroup;
			children = (
				007ECE6917F84EE100DCB0FC /* kushdevTests-Info.plist */,
				007ECE6A17F84EE100DCB0FC /* InfoPlist.strings */,
			);
			name = "Supporting Files";
			sourceTree = "<group>";
		};
		00DB38BC17F7157E004D9F63 /* offwhite */ = {
			isa = PBXGroup;
			children = (
				00DB38C717F71876004D9F63 /* icon-57.png */,
				00DB38C817F71876004D9F63 /* icon-114.png */,
				00DB38C517F71832004D9F63 /* icon-29.png */,
				00DB38BD17F7157E004D9F63 /* icon-120.png */,
				00DB38BE17F7157E004D9F63 /* icon-58.png */,
				00DB38BF17F7157E004D9F63 /* icon-80.png */,
			);
			name = offwhite;
			path = ../../../../../../../Dropbox/Kush/Icons/offwhite;
			sourceTree = "<group>";
		};
		080E96DDFE201D6D7F000001 /* Classes */ = {
			isa = PBXGroup;
			children = (
				302D95EE14D2391D003F00A1 /* MainViewController.h */,
				302D95EF14D2391D003F00A1 /* MainViewController.m */,
				302D95F014D2391D003F00A1 /* MainViewController.xib */,
				1D3623240D0F684500981E51 /* AppDelegate.h */,
				1D3623250D0F684500981E51 /* AppDelegate.m */,
			);
			name = Classes;
			path = Kush/Classes;
			sourceTree = SOURCE_ROOT;
		};
		19C28FACFE9D520D11CA2CBB /* Products */ = {
			isa = PBXGroup;
			children = (
				1D6058910D05DD3D006BFB54 /* Kush.app */,
			);
			name = Products;
			sourceTree = "<group>";
		};
		1F766FDB13BBADB100FB74C0 /* en.lproj */ = {
			isa = PBXGroup;
			children = (
				1F766FDC13BBADB100FB74C0 /* Localizable.strings */,
			);
			path = en.lproj;
			sourceTree = "<group>";
		};
		1F766FDE13BBADB100FB74C0 /* es.lproj */ = {
			isa = PBXGroup;
			children = (
				1F766FDF13BBADB100FB74C0 /* Localizable.strings */,
			);
			path = es.lproj;
			sourceTree = "<group>";
		};
		29B97314FDCFA39411CA2CEA /* CustomTemplate */ = {
			isa = PBXGroup;
			children = (
				00D8DBD217EDE7FA0018D3BE /* icon-58.png */,
				00D8DBD117EDE7EE0018D3BE /* icon-80.png */,
				00D8DBD017EDE7E10018D3BE /* icon-120.png */,
				F840E1F0165FE0F500CFE078 /* config.xml */,
				301BF56E109A69640062928A /* www */,
				301BF52D109A57CC0062928A /* CordovaLib.xcodeproj */,
				080E96DDFE201D6D7F000001 /* Classes */,
				307C750510C5A3420062BCA9 /* Plugins */,
				29B97315FDCFA39411CA2CEA /* Other Sources */,
				29B97317FDCFA39411CA2CEA /* Resources */,
				007ECE4E17F84EE000DCB0FC /* kushdev */,
				007ECE6717F84EE100DCB0FC /* kushdevTests */,
				29B97323FDCFA39411CA2CEA /* Frameworks */,
				19C28FACFE9D520D11CA2CBB /* Products */,
				00264AE617F84F38005DBFED /* Kush copy-Info.plist */,
			);
			name = CustomTemplate;
			sourceTree = "<group>";
		};
		29B97315FDCFA39411CA2CEA /* Other Sources */ = {
			isa = PBXGroup;
			children = (
				32CA4F630368D1EE00C91783 /* Kush-Prefix.pch */,
				29B97316FDCFA39411CA2CEA /* main.m */,
			);
			name = "Other Sources";
			path = Kush;
			sourceTree = "<group>";
		};
		29B97317FDCFA39411CA2CEA /* Resources */ = {
			isa = PBXGroup;
			children = (
				00D8DBCE17EDE5AF0018D3BE /* Images.xcassets */,
				30A0434214DC770100060A13 /* de.lproj */,
				30A0434514DC770100060A13 /* se.lproj */,
				1F766FDB13BBADB100FB74C0 /* en.lproj */,
				1F766FDE13BBADB100FB74C0 /* es.lproj */,
				308D052D1370CCF300D202BF /* icons */,
				308D05311370CCF300D202BF /* splash */,
				8D1107310486CEB800E47090 /* Kush-Info.plist */,
			);
			name = Resources;
			path = Kush/Resources;
			sourceTree = "<group>";
		};
		29B97323FDCFA39411CA2CEA /* Frameworks */ = {
			isa = PBXGroup;
			children = (
				004FAD1317F39E31008D17F4 /* AdSupport.framework */,
				004FAD1117F39E28008D17F4 /* Accounts.framework */,
				004FAD0F17F39E15008D17F4 /* Social.framework */,
				004FACE417F39D4E008D17F4 /* DeprecatedHeaders */,
				004FACE217F39CFB008D17F4 /* FacebookSDK.framework */,
				5AEE5B34173C68D80009041E /* CoreLocation.framework */,
				5AA0E66E1729F460000DC89A /* ImageIO.framework */,
				5AA0E66C1729F45B000DC89A /* OpenAL.framework */,
				5B1594DC16A7569C00FEF299 /* AssetsLibrary.framework */,
				1DF5F4DF0D08C38300B7A737 /* UIKit.framework */,
				1D30AB110D05D00D00671497 /* Foundation.framework */,
				288765FC0DF74451002DB57D /* CoreGraphics.framework */,
				301BF5B4109A6A2B0062928A /* AddressBook.framework */,
				301BF5B6109A6A2B0062928A /* AddressBookUI.framework */,
				301BF5B8109A6A2B0062928A /* AudioToolbox.framework */,
				301BF5BA109A6A2B0062928A /* AVFoundation.framework */,
				301BF5BC109A6A2B0062928A /* CFNetwork.framework */,
				301BF5BE109A6A2B0062928A /* CoreLocation.framework */,
				301BF5C0109A6A2B0062928A /* MediaPlayer.framework */,
				301BF5C2109A6A2B0062928A /* QuartzCore.framework */,
				301BF5C4109A6A2B0062928A /* SystemConfiguration.framework */,
				305D5FD0115AB8F900A74A75 /* MobileCoreServices.framework */,
				30E5649113A7FCAF007403D8 /* CoreMedia.framework */,
				41C91DEA10F248809D55CAFE /* libUAirship-2.0.3.a */,
				6B62AC89C8EB4E35B508B32F /* libsqlite3.dylib */,
				18262658EBC346038825BC40 /* libz.dylib */,
				E5A80C66763A40E98D0620C1 /* Security.framework */,
				BAF6A460F7304B2396BA1647 /* CoreTelephony.framework */,
				007ECE6117F84EE100DCB0FC /* XCTest.framework */,
			);
			name = Frameworks;
			sourceTree = "<group>";
		};
		301BF52E109A57CC0062928A /* Products */ = {
			isa = PBXGroup;
			children = (
				301BF535109A57CC0062928A /* libCordova.a */,
			);
			name = Products;
			sourceTree = "<group>";
		};
		307C750510C5A3420062BCA9 /* Plugins */ = {
			isa = PBXGroup;
			children = (
				004FAD1517F39E47008D17F4 /* ios */,
				3565087638B9496782989A5E /* PushPlugin.m */,
				A19AFD1658444BE9AC512609 /* PushPlugin.h */,
				E50DC6612F9F4634B426C7F3 /* CDVDevice.m */,
				1C8ED090C4E44811A2FE2CE0 /* CDVDevice.h */,
				4C9402920B68434E971C5D7E /* PushNotificationPlugin.m */,
				17ECEB6D13BC48AAB4FABE39 /* libUAirship-2.0.3.a */,
				2D6B36B2ADA04C9DBF00AF4A /* PushNotificationPlugin.h */,
				FB3812E5522449BDA4C0EA3B /* UAAnalytics.h */,
				A1524E2502D14FCC917CDDA1 /* UAAnalyticsDBManager.h */,
				247C8CCBE8D64389A7B16984 /* UAAutoAppDelegate.h */,
				1FF32300CA3F4C51A167BD5C /* UABaseAppDelegateSurrogate.h */,
				48773CE17FC64A44A1470606 /* UABaseLocationProvider.h */,
				76047BE3C6074936B3C5D773 /* UAConfig.h */,
				FD18B0787ECE4E4A85DA369D /* UADelayOperation.h */,
				1D8C59A01FB84273ACB0AAD9 /* UAEvent.h */,
				C3870D7022D24F078A6D3372 /* UAGlobal.h */,
				5780F0C87C9C4A5A9C5965E0 /* UAHTTPConnection.h */,
				25112EED64264F2DA25F22AA /* UAHTTPConnectionOperation.h */,
				561C0BE6A490464D9763AA7F /* UAHTTPRequest.h */,
				5DD4A89B27FE44488807B898 /* UAHTTPRequestEngine.h */,
				71B176386E3B40FCBE4A9049 /* UAKeychainUtils.h */,
				25B665DEAA08440DB52C256B /* UALocationCommonValues.h */,
				6EAAE5138F944DB1BD10AB3F /* UALocationEvent.h */,
				B332ED2071A648C88B8DEC7F /* UALocationProviderDelegate.h */,
				BB8A394668D049ADA56AF0E3 /* UALocationProviderProtocol.h */,
				399973FA07314C908E9BFC10 /* UALocationService.h */,
				A2BE91AB55C243F588FF89BB /* UASQLite.h */,
				57FCA1D8256942ABAE626823 /* UASignificantChangeProvider.h */,
				F9BFA25FDC914D6FB9ED6D0C /* UAStandardLocationProvider.h */,
				123D9A34FFC742C48D4AE916 /* UATagUtils.h */,
				E9EB0BE4AADC4369889B5CDC /* UAUser.h */,
				C3AC091AC7544D6E8F7BBDDB /* UAUserAPIClient.h */,
				ABFD3F839D464487839E773E /* UAUserData.h */,
				FAF91C5355F847E09FB5A461 /* UAUtils.h */,
				C1BDB34449DE4FF3B026A706 /* UAirship.h */,
				DC9865CD94FB4352887DBFA1 /* UAObservable.h */,
				E8AED4FB8D9F48BF8EED2232 /* UADeviceAPIClient.h */,
				CBE251FC69E9413EA0B90C10 /* UADeviceRegistrationData.h */,
				BC8B4760BBB2428C913BE812 /* UADeviceRegistrationPayload.h */,
				064D184A12B54E4994DF3809 /* UAPush.h */,
				35164EE54DD544D08B43DD79 /* UA_Base64.h */,
				79C2AE53DB53460BBAC4EF68 /* UA_Reachability.h */,
				20CC80712EE64479ACA72C92 /* UA_FMDatabase.h */,
				B6A2397007B7447FB2E9302B /* UA_FMResultSet.h */,
				E2042C4DD79948FB888111B1 /* UA_SBJSON.h */,
				06607D53BDEA4EDEB1EB690A /* UA_SBJsonBase.h */,
				70C9DAF8079D4A13B3BEAB0C /* UA_SBJsonParser.h */,
				DB898BAF627E47F694CB0A23 /* UA_SBJsonWriter.h */,
			);
			name = Plugins;
			path = Kush/Plugins;
			sourceTree = SOURCE_ROOT;
		};
		308D052D1370CCF300D202BF /* icons */ = {
			isa = PBXGroup;
			children = (
				0033F1B8180764CE0027D03E /* Prod Icons */,
				00DB38BC17F7157E004D9F63 /* offwhite */,
			);
			path = icons;
			sourceTree = "<group>";
		};
		308D05311370CCF300D202BF /* splash */ = {
			isa = PBXGroup;
			children = (
				0033F1C5180765050027D03E /* Covers */,
				D4A0D8751607E02300AEF8BB /* Default-568h@2x~iphone.png */,
				3088BBB7154F3926009F9C59 /* Default-Landscape@2x~ipad.png */,
				3088BBB8154F3926009F9C59 /* Default-Landscape~ipad.png */,
				3088BBB9154F3926009F9C59 /* Default-Portrait@2x~ipad.png */,
				3088BBBA154F3926009F9C59 /* Default-Portrait~ipad.png */,
				3088BBBB154F3926009F9C59 /* Default@2x~iphone.png */,
				3088BBBC154F3926009F9C59 /* Default~iphone.png */,
			);
			path = splash;
			sourceTree = "<group>";
		};
		30A0434214DC770100060A13 /* de.lproj */ = {
			isa = PBXGroup;
			children = (
				30A0434314DC770100060A13 /* Localizable.strings */,
			);
			path = de.lproj;
			sourceTree = "<group>";
		};
		30A0434514DC770100060A13 /* se.lproj */ = {
			isa = PBXGroup;
			children = (
				30A0434614DC770100060A13 /* Localizable.strings */,
			);
			path = se.lproj;
			sourceTree = "<group>";
		};
/* End PBXGroup section */

/* Begin PBXNativeTarget section */
		1D6058900D05DD3D006BFB54 /* Kush */ = {
			isa = PBXNativeTarget;
			buildConfigurationList = 1D6058960D05DD3E006BFB54 /* Build configuration list for PBXNativeTarget "Kush" */;
			buildPhases = (
				304B58A110DAC018002A0835 /* Copy www directory */,
				1D60588D0D05DD3D006BFB54 /* Resources */,
				1D60588E0D05DD3D006BFB54 /* Sources */,
				1D60588F0D05DD3D006BFB54 /* Frameworks */,
			);
			buildRules = (
			);
			dependencies = (
				301BF551109A68C00062928A /* PBXTargetDependency */,
			);
			name = Kush;
			productName = Kush;
			productReference = 1D6058910D05DD3D006BFB54 /* Kush.app */;
			productType = "com.apple.product-type.application";
		};
/* End PBXNativeTarget section */

/* Begin PBXProject section */
		29B97313FDCFA39411CA2CEA /* Project object */ = {
			isa = PBXProject;
			attributes = {
				LastUpgradeCheck = 500;
				TargetAttributes = {
					1D6058900D05DD3D006BFB54 = {
						DevelopmentTeam = QX697229L6;
					};
				};
			};
			buildConfigurationList = C01FCF4E08A954540054247B /* Build configuration list for PBXProject "Kush" */;
			compatibilityVersion = "Xcode 3.2";
			developmentRegion = English;
			hasScannedForEncodings = 1;
			knownRegions = (
				English,
				Japanese,
				French,
				German,
				en,
				es,
				de,
				se,
			);
			mainGroup = 29B97314FDCFA39411CA2CEA /* CustomTemplate */;
			projectDirPath = "";
			projectReferences = (
				{
					ProductGroup = 301BF52E109A57CC0062928A /* Products */;
					ProjectRef = 301BF52D109A57CC0062928A /* CordovaLib.xcodeproj */;
				},
			);
			projectRoot = "";
			targets = (
				1D6058900D05DD3D006BFB54 /* Kush */,
			);
		};
/* End PBXProject section */

/* Begin PBXReferenceProxy section */
		301BF535109A57CC0062928A /* libCordova.a */ = {
			isa = PBXReferenceProxy;
			fileType = archive.ar;
			path = libCordova.a;
			remoteRef = 301BF534109A57CC0062928A /* PBXContainerItemProxy */;
			sourceTree = BUILT_PRODUCTS_DIR;
		};
/* End PBXReferenceProxy section */

/* Begin PBXResourcesBuildPhase section */
		1D60588D0D05DD3D006BFB54 /* Resources */ = {
			isa = PBXResourcesBuildPhase;
			buildActionMask = 2147483647;
			files = (
				0033F1C9180765050027D03E /* 640-960.png in Resources */,
				0033F1C0180764CE0027D03E /* icon-120.png in Resources */,
				00DB38CA17F71876004D9F63 /* icon-114.png in Resources */,
				F840E1F1165FE0F500CFE078 /* config.xml in Resources */,
				1F766FE113BBADB100FB74C0 /* Localizable.strings in Resources */,
				0033F1C8180765050027D03E /* 640-1136.png in Resources */,
				0033F1C4180764CE0027D03E /* icon-80.png in Resources */,
				1F766FE213BBADB100FB74C0 /* Localizable.strings in Resources */,
				00DB38C017F7157E004D9F63 /* icon-120.png in Resources */,
				0033F1BF180764CE0027D03E /* icon-114.png in Resources */,
				302D95F214D2391D003F00A1 /* MainViewController.xib in Resources */,
				0033F1C2180764CE0027D03E /* icon-57.png in Resources */,
				30A0434814DC770100060A13 /* Localizable.strings in Resources */,
				30A0434914DC770100060A13 /* Localizable.strings in Resources */,
				00D8DBCF17EDE5AF0018D3BE /* Images.xcassets in Resources */,
				3088BBBD154F3926009F9C59 /* Default-Landscape@2x~ipad.png in Resources */,
				00DB38C917F71876004D9F63 /* icon-57.png in Resources */,
				00DB38C217F7157E004D9F63 /* icon-80.png in Resources */,
				3088BBBE154F3926009F9C59 /* Default-Landscape~ipad.png in Resources */,
				0033F1C1180764CE0027D03E /* icon-29.png in Resources */,
				3088BBBF154F3926009F9C59 /* Default-Portrait@2x~ipad.png in Resources */,
				3088BBC0154F3926009F9C59 /* Default-Portrait~ipad.png in Resources */,
				00DB38C117F7157E004D9F63 /* icon-58.png in Resources */,
				3088BBC1154F3926009F9C59 /* Default@2x~iphone.png in Resources */,
				3088BBC2154F3926009F9C59 /* Default~iphone.png in Resources */,
				D4A0D8761607E02300AEF8BB /* Default-568h@2x~iphone.png in Resources */,
				0033F1C3180764CE0027D03E /* icon-58.png in Resources */,
				00DB38C617F71832004D9F63 /* icon-29.png in Resources */,
			);
			runOnlyForDeploymentPostprocessing = 0;
		};
/* End PBXResourcesBuildPhase section */

/* Begin PBXShellScriptBuildPhase section */
		304B58A110DAC018002A0835 /* Copy www directory */ = {
			isa = PBXShellScriptBuildPhase;
			buildActionMask = 2147483647;
			files = (
			);
			inputPaths = (
			);
			name = "Copy www directory";
			outputPaths = (
			);
			runOnlyForDeploymentPostprocessing = 0;
			shellPath = /bin/sh;
			shellScript = "SRC_DIR=\"www/\"\nDST_DIR=\"$BUILT_PRODUCTS_DIR/$FULL_PRODUCT_NAME/www\"\nCOPY_HIDDEN=\nORIG_IFS=$IFS\nIFS=$(echo -en \"\\n\\b\")\n\nif [[ ! -e \"$SRC_DIR\" ]]; then\n  echo \"Path does not exist: $SRC_DIR\"\n  exit 1\nfi\n\nif [[ -n $COPY_HIDDEN ]]; then\n  alias do_find='find \"$SRC_DIR\"'\nelse\n  alias do_find='find -L \"$SRC_DIR\" -name \".*\" -prune -o'\nfi\n\ntime (\n# Code signing files must be removed or else there are\n# resource signing errors.\nrm -rf \"$DST_DIR\" \\\n       \"$BUILT_PRODUCTS_DIR/$FULL_PRODUCT_NAME/_CodeSignature\" \\\n       \"$BUILT_PRODUCTS_DIR/$FULL_PRODUCT_NAME/PkgInfo\" \\\n       \"$BUILT_PRODUCTS_DIR/$FULL_PRODUCT_NAME/embedded.mobileprovision\"\n\n# Directories\nfor p in $(do_find -type d -print); do\n  subpath=\"${p#$SRC_DIR}\"\n  mkdir \"$DST_DIR$subpath\" || exit 1\ndone\n\n# Symlinks\nfor p in $(do_find -type l -print); do\n  subpath=\"${p#$SRC_DIR}\"\n  source=$(readlink $SRC_DIR$subpath)\n  sourcetype=$(stat -f \"%HT%SY\" $source)\n  if [ \"$sourcetype\" = \"Directory\" ]; then\n    mkdir \"$DST_DIR$subpath\" || exit 2\n  else\n    rsync -a \"$source\" \"$DST_DIR$subpath\" || exit 3\n  fi\ndone\n\n# Files\nfor p in $(do_find -type f -print); do\n  subpath=\"${p#$SRC_DIR}\"\n  if ! ln \"$SRC_DIR$subpath\" \"$DST_DIR$subpath\" 2>/dev/null; then\n    rsync -a \"$SRC_DIR$subpath\" \"$DST_DIR$subpath\" || exit 4\n  fi\ndone\n\n)\nIFS=$ORIG_IFS";
		};
/* End PBXShellScriptBuildPhase section */

/* Begin PBXSourcesBuildPhase section */
		1D60588E0D05DD3D006BFB54 /* Sources */ = {
			isa = PBXSourcesBuildPhase;
			buildActionMask = 2147483647;
			files = (
				1D60589B0D05DD56006BFB54 /* main.m in Sources */,
				1D3623260D0F684500981E51 /* AppDelegate.m in Sources */,
				004FAD1817F39E8F008D17F4 /* FacebookConnectPlugin.m in Sources */,
				302D95F114D2391D003F00A1 /* MainViewController.m in Sources */,
				395C712998704142AD8ABC78 /* CDVDevice.m in Sources */,
				525D220F994A4BAEA8E7B05E /* PushNotificationPlugin.m in Sources */,
				C8214601CF374C65B23C3D3B /* libUAirship-2.0.3.a in Sources */,
			);
			runOnlyForDeploymentPostprocessing = 0;
		};
/* End PBXSourcesBuildPhase section */

/* Begin PBXTargetDependency section */
		301BF551109A68C00062928A /* PBXTargetDependency */ = {
			isa = PBXTargetDependency;
			name = CordovaLib;
			targetProxy = 301BF550109A68C00062928A /* PBXContainerItemProxy */;
		};
/* End PBXTargetDependency section */

/* Begin PBXVariantGroup section */
		007ECE5117F84EE000DCB0FC /* InfoPlist.strings */ = {
			isa = PBXVariantGroup;
			children = (
				007ECE5217F84EE000DCB0FC /* en */,
			);
			name = InfoPlist.strings;
			sourceTree = "<group>";
		};
		007ECE6A17F84EE100DCB0FC /* InfoPlist.strings */ = {
			isa = PBXVariantGroup;
			children = (
				007ECE6B17F84EE100DCB0FC /* en */,
			);
			name = InfoPlist.strings;
			sourceTree = "<group>";
		};
		1F766FDC13BBADB100FB74C0 /* Localizable.strings */ = {
			isa = PBXVariantGroup;
			children = (
				1F766FDD13BBADB100FB74C0 /* en */,
			);
			name = Localizable.strings;
			sourceTree = "<group>";
		};
		1F766FDF13BBADB100FB74C0 /* Localizable.strings */ = {
			isa = PBXVariantGroup;
			children = (
				1F766FE013BBADB100FB74C0 /* es */,
			);
			name = Localizable.strings;
			sourceTree = "<group>";
		};
		30A0434314DC770100060A13 /* Localizable.strings */ = {
			isa = PBXVariantGroup;
			children = (
				30A0434414DC770100060A13 /* de */,
			);
			name = Localizable.strings;
			sourceTree = "<group>";
		};
		30A0434614DC770100060A13 /* Localizable.strings */ = {
			isa = PBXVariantGroup;
			children = (
				30A0434714DC770100060A13 /* se */,
			);
			name = Localizable.strings;
			sourceTree = "<group>";
		};
/* End PBXVariantGroup section */

/* Begin XCBuildConfiguration section */
		1D6058940D05DD3E006BFB54 /* Debug */ = {
			isa = XCBuildConfiguration;
			buildSettings = {
				ALWAYS_SEARCH_USER_PATHS = NO;
				ASSETCATALOG_COMPILER_APPICON_NAME = Fleur;
				CLANG_ENABLE_OBJC_ARC = YES;
				CODE_SIGN_IDENTITY = "iPhone Developer: Kyle Davis (RDJ8KG4T58)";
				"CODE_SIGN_IDENTITY[sdk=iphoneos*]" = "iPhone Developer: Kyle Davis (RDJ8KG4T58)";
				COPY_PHASE_STRIP = NO;
				FRAMEWORK_SEARCH_PATHS = (
					"$(inherited)",
					/Users/kyledavis/Documents/Phonegap/platforms/ios,
					/Users/kyledavis/Documents/FacebookSDK,
				);
				GCC_DYNAMIC_NO_PIC = NO;
				GCC_OPTIMIZATION_LEVEL = 0;
				GCC_PRECOMPILE_PREFIX_HEADER = YES;
				GCC_PREFIX_HEADER = "Kush/Kush-Prefix.pch";
				GCC_THUMB_SUPPORT = NO;
				GCC_VERSION = com.apple.compilers.llvm.clang.1_0;
				INFOPLIST_FILE = "Kush/Kush-Info.plist";
				IPHONEOS_DEPLOYMENT_TARGET = 7.0;
				LIBRARY_SEARCH_PATHS = (
					"$(inherited)",
					"\"$(SRCROOT)/Kush/Plugins/com.urbanairship.phonegap.PushNotification\"",
				);
				OTHER_LDFLAGS = (
					"-weak_framework",
					CoreFoundation,
					"-weak_framework",
					UIKit,
					"-weak_framework",
					AVFoundation,
					"-weak_framework",
					CoreMedia,
					"-weak-lSystem",
					"-force_load",
					"\"$(BUILT_PRODUCTS_DIR)/libCordova.a\"",
					"-ObjC",
				);
				PRODUCT_NAME = Kush;
				PROVISIONING_PROFILE = "2BF69D07-79B3-4FB8-B136-DED7CB4BA29C";
				TARGETED_DEVICE_FAMILY = 1;
			};
			name = Debug;
		};
		1D6058950D05DD3E006BFB54 /* Release */ = {
			isa = XCBuildConfiguration;
			buildSettings = {
				ALWAYS_SEARCH_USER_PATHS = NO;
				ASSETCATALOG_COMPILER_APPICON_NAME = Fleur;
				CLANG_ENABLE_OBJC_ARC = YES;
				CODE_SIGN_IDENTITY = "iPhone Developer: Kyle Davis (RDJ8KG4T58)";
				"CODE_SIGN_IDENTITY[sdk=iphoneos*]" = "";
				COPY_PHASE_STRIP = YES;
				FRAMEWORK_SEARCH_PATHS = (
					"$(inherited)",
					/Users/kyledavis/Documents/Phonegap/platforms/ios,
					/Users/kyledavis/Documents/FacebookSDK,
				);
				GCC_PRECOMPILE_PREFIX_HEADER = YES;
				GCC_PREFIX_HEADER = "Kush/Kush-Prefix.pch";
				GCC_THUMB_SUPPORT = NO;
				GCC_VERSION = com.apple.compilers.llvm.clang.1_0;
				INFOPLIST_FILE = "Kush/Kush-Info.plist";
				IPHONEOS_DEPLOYMENT_TARGET = 7.0;
				LIBRARY_SEARCH_PATHS = (
					"$(inherited)",
					"\"$(SRCROOT)/Kush/Plugins/com.urbanairship.phonegap.PushNotification\"",
				);
				OTHER_LDFLAGS = (
					"-weak_framework",
					CoreFoundation,
					"-weak_framework",
					UIKit,
					"-weak_framework",
					AVFoundation,
					"-weak_framework",
					CoreMedia,
					"-weak-lSystem",
					"-force_load",
					"\"$(BUILT_PRODUCTS_DIR)/libCordova.a\"",
					"-lsqlite3.0",
					"-ObjC",
				);
				PRODUCT_NAME = Kush;
				PROVISIONING_PROFILE = "2BF69D07-79B3-4FB8-B136-DED7CB4BA29C";
				TARGETED_DEVICE_FAMILY = 1;
			};
			name = Release;
		};
		C01FCF4F08A954540054247B /* Debug */ = {
			isa = XCBuildConfiguration;
			buildSettings = {
				CLANG_ENABLE_OBJC_ARC = YES;
				CLANG_WARN_BOOL_CONVERSION = YES;
				CLANG_WARN_CONSTANT_CONVERSION = YES;
				CLANG_WARN_EMPTY_BODY = YES;
				CLANG_WARN_ENUM_CONVERSION = YES;
				CLANG_WARN_INT_CONVERSION = YES;
				CLANG_WARN__DUPLICATE_METHOD_MATCH = YES;
				CODE_SIGN_IDENTITY = "iPhone Developer";
				"CODE_SIGN_IDENTITY[sdk=iphoneos*]" = "iPhone Developer";
				GCC_C_LANGUAGE_STANDARD = c99;
				GCC_THUMB_SUPPORT = NO;
				GCC_VERSION = com.apple.compilers.llvm.clang.1_0;
				GCC_WARN_64_TO_32_BIT_CONVERSION = YES;
				GCC_WARN_ABOUT_RETURN_TYPE = YES;
				GCC_WARN_UNDECLARED_SELECTOR = YES;
				GCC_WARN_UNINITIALIZED_AUTOS = YES;
				GCC_WARN_UNUSED_FUNCTION = YES;
				GCC_WARN_UNUSED_VARIABLE = YES;
				HEADER_SEARCH_PATHS = (
					"\"$(TARGET_BUILD_DIR)/usr/local/lib/include\"",
					"\"$(OBJROOT)/UninstalledProducts/include\"",
					"\"$(BUILT_PRODUCTS_DIR)\"",
				);
				IPHONEOS_DEPLOYMENT_TARGET = 7.0;
				ONLY_ACTIVE_ARCH = YES;
				OTHER_LDFLAGS = (
					"-weak_framework",
					CoreFoundation,
					"-weak_framework",
					UIKit,
					"-weak_framework",
					AVFoundation,
					"-weak_framework",
					CoreMedia,
					"-weak-lSystem",
					"-force_load",
					"\"$(BUILT_PRODUCTS_DIR)/libCordova.a\"",
					"-ObjC",
				);
				SDKROOT = iphoneos;
				SKIP_INSTALL = NO;
				USER_HEADER_SEARCH_PATHS = "";
			};
			name = Debug;
		};
		C01FCF5008A954540054247B /* Release */ = {
			isa = XCBuildConfiguration;
			buildSettings = {
				CLANG_ENABLE_OBJC_ARC = YES;
				CLANG_WARN_BOOL_CONVERSION = YES;
				CLANG_WARN_CONSTANT_CONVERSION = YES;
				CLANG_WARN_EMPTY_BODY = YES;
				CLANG_WARN_ENUM_CONVERSION = YES;
				CLANG_WARN_INT_CONVERSION = YES;
				CLANG_WARN__DUPLICATE_METHOD_MATCH = YES;
				CODE_SIGN_IDENTITY = "iPhone Developer";
				"CODE_SIGN_IDENTITY[sdk=iphoneos*]" = "iPhone Developer";
				GCC_C_LANGUAGE_STANDARD = c99;
				GCC_THUMB_SUPPORT = NO;
				GCC_VERSION = com.apple.compilers.llvm.clang.1_0;
				GCC_WARN_64_TO_32_BIT_CONVERSION = YES;
				GCC_WARN_ABOUT_RETURN_TYPE = YES;
				GCC_WARN_UNDECLARED_SELECTOR = YES;
				GCC_WARN_UNINITIALIZED_AUTOS = YES;
				GCC_WARN_UNUSED_FUNCTION = YES;
				GCC_WARN_UNUSED_VARIABLE = YES;
				HEADER_SEARCH_PATHS = (
					"\"$(TARGET_BUILD_DIR)/usr/local/lib/include\"",
					"\"$(OBJROOT)/UninstalledProducts/include\"",
					"\"$(BUILT_PRODUCTS_DIR)\"",
				);
				IPHONEOS_DEPLOYMENT_TARGET = 7.0;
				OTHER_LDFLAGS = (
					"-weak_framework",
					CoreFoundation,
					"-weak_framework",
					UIKit,
					"-weak_framework",
					AVFoundation,
					"-weak_framework",
					CoreMedia,
					"-weak-lSystem",
					"-force_load",
					"\"$(BUILT_PRODUCTS_DIR)/libCordova.a\"",
					"-ObjC",
				);
				SDKROOT = iphoneos;
				SKIP_INSTALL = NO;
				USER_HEADER_SEARCH_PATHS = "";
			};
			name = Release;
		};
/* End XCBuildConfiguration section */

/* Begin XCConfigurationList section */
		1D6058960D05DD3E006BFB54 /* Build configuration list for PBXNativeTarget "Kush" */ = {
			isa = XCConfigurationList;
			buildConfigurations = (
				1D6058940D05DD3E006BFB54 /* Debug */,
				1D6058950D05DD3E006BFB54 /* Release */,
			);
			defaultConfigurationIsVisible = 0;
			defaultConfigurationName = Release;
		};
		C01FCF4E08A954540054247B /* Build configuration list for PBXProject "Kush" */ = {
			isa = XCConfigurationList;
			buildConfigurations = (
				C01FCF4F08A954540054247B /* Debug */,
				C01FCF5008A954540054247B /* Release */,
			);
			defaultConfigurationIsVisible = 0;
			defaultConfigurationName = Release;
		};
/* End XCConfigurationList section */
	};
	rootObject = 29B97313FDCFA39411CA2CEA /* Project object */;
}
